
Microsoft Visual Studio Solution File, Format Version 12.00
# Visual Studio 15
VisualStudioVersion = 15.0.28307.102
MinimumVisualStudioVersion = 10.0.40219.1
Project("{8BC9CEB8-8B4A-11D0-8D11-00A0C91BC942}") = "G53GRAGLFW", "G53GRAGLFW\G53GRAGLFW.vcxproj", "{BB138621-9F08-4671-898F-864D7743A0F0}"
EndProject
Global
	GlobalSection(SolutionConfigurationPlatforms) = preSolution
		Debug|x64 = Debug|x64
		Debug|x86 = Debug|x86
		Release|x64 = Release|x64
		Release|x86 = Release|x86
	EndGlobalSection
	GlobalSection(ProjectConfigurationPlatforms) = postSolution
		{BB138621-9F08-4671-898F-864D7743A0F0}.Debug|x64.ActiveCfg = Debug|x64
		{BB138621-9F08-4671-898F-864D7743A0F0}.Debug|x64.Build.0 = Debug|x64
		{BB138621-9F08-4671-898F-864D7743A0F0}.Debug|x86.ActiveCfg = Debug|Win32
		{BB138621-9F08-4671-898F-864D7743A0F0}.Debug|x86.Build.0 = Debug|Win32
		{BB138621-9F08-4671-898F-864D7743A0F0}.Release|x64.ActiveCfg = Release|x64
		{BB138621-9F08-4671-898F-864D7743A0F0}.Release|x64.Build.0 = Release|x64
		{BB138621-9F08-4671-898F-864D7743A0F0}.Release|x86.ActiveCfg = Release|Win32
		{BB138621-9F08-4671-898F-864D7743A0F0}.Release|x86.Build.0 = Release|Win32
	EndGlobalSection
	GlobalSection(SolutionProperties) = preSolution
		HideSolutionNode = FALSE
	EndGlobalSection
	GlobalSection(ExtensibilityGlobals) = postSolution
		SolutionGuid = {1BE5ED15-1777-4343-B598-1E5C2624F566}
	EndGlobalSection
EndGlobal
